
Microsoft Visual Studio Solution File, Format Version 12.00
# Visual Studio Version 17
VisualStudioVersion = 17.10.35013.160
MinimumVisualStudioVersion = 10.0.40219.1
Project("{FAE04EC0-301F-11D3-BF4B-00C04F79EFBC}") = "UpdaterGUI", "UpdaterGUI.csproj", "{E65190B6-4CE4-48B6-A014-9BBBED7E215A}"
EndProject
Global
	GlobalSection(SolutionConfigurationPlatforms) = preSolution
		Debug|Any CPU = Debug|Any CPU
		Release|Any CPU = Release|Any CPU
	EndGlobalSection
	GlobalSection(ProjectConfigurationPlatforms) = postSolution
		{E65190B6-4CE4-48B6-A014-9BBBED7E215A}.Debug|Any CPU.ActiveCfg = Debug|Any CPU
		{E65190B6-4CE4-48B6-A014-9BBBED7E215A}.Debug|Any CPU.Build.0 = Debug|Any CPU
		{E65190B6-4CE4-48B6-A014-9BBBED7E215A}.Release|Any CPU.ActiveCfg = Release|Any CPU
		{E65190B6-4CE4-48B6-A014-9BBBED7E215A}.Release|Any CPU.Build.0 = Release|Any CPU
	EndGlobalSection
	GlobalSection(SolutionProperties) = preSolution
		HideSolutionNode = FALSE
	EndGlobalSection
	GlobalSection(ExtensibilityGlobals) = postSolution
		SolutionGuid = {EC82FD08-0115-4726-8E35-7BAB3B1F93D1}
	EndGlobalSection
EndGlobal
